
Microsoft Visual Studio Solution File, Format Version 12.00
# Visual Studio 15
VisualStudioVersion = 15.0.28010.2046
MinimumVisualStudioVersion = 10.0.40219.1
Project("{FAE04EC0-301F-11D3-BF4B-00C04F79EFBC}") = "Program 1", "Program 1\Program 1.csproj", "{E8C6DC4C-5289-4F67-8001-852F4601CBC1}"
EndProject
Global
	GlobalSection(SolutionConfigurationPlatforms) = preSolution
		Debug|Any CPU = Debug|Any CPU
		Release|Any CPU = Release|Any CPU
	EndGlobalSection
	GlobalSection(ProjectConfigurationPlatforms) = postSolution
		{E8C6DC4C-5289-4F67-8001-852F4601CBC1}.Debug|Any CPU.ActiveCfg = Debug|Any CPU
		{E8C6DC4C-5289-4F67-8001-852F4601CBC1}.Debug|Any CPU.Build.0 = Debug|Any CPU
		{E8C6DC4C-5289-4F67-8001-852F4601CBC1}.Release|Any CPU.ActiveCfg = Release|Any CPU
		{E8C6DC4C-5289-4F67-8001-852F4601CBC1}.Release|Any CPU.Build.0 = Release|Any CPU
	EndGlobalSection
	GlobalSection(SolutionProperties) = preSolution
		HideSolutionNode = FALSE
	EndGlobalSection
	GlobalSection(ExtensibilityGlobals) = postSolution
		SolutionGuid = {2E17E829-1E1D-4681-851B-9E5635D75BD6}
	EndGlobalSection
EndGlobal
